// !$*UTF8*$!
{
	archiveVersion = 1;
	classes = {
	};
	objectVersion = 50;
	objects = {

/* Begin PBXBuildFile section */
		B04FF06A2125A8E0003A9A16 /* Restaurant.swift in Sources */ = {isa = PBXBuildFile; fileRef = B04FF0692125A8E0003A9A16 /* Restaurant.swift */; };
		B04FF06C2125A996003A9A16 /* Cuisine.swift in Sources */ = {isa = PBXBuildFile; fileRef = B04FF06B2125A996003A9A16 /* Cuisine.swift */; };
		B04FF06E2125B27F003A9A16 /* RestaurantDetailHeaderTableViewCell.xib in Resources */ = {isa = PBXBuildFile; fileRef = B04FF06D2125B27F003A9A16 /* RestaurantDetailHeaderTableViewCell.xib */; };
		B08F843A2125503F005A3492 /* RestaurantDetailHeaderTableViewCell.swift in Sources */ = {isa = PBXBuildFile; fileRef = B0C5B0B021244A8600368B5D /* RestaurantDetailHeaderTableViewCell.swift */; };
		B08F843B2125503F005A3492 /* RestaurantDetailInformationTableViewCell.swift in Sources */ = {isa = PBXBuildFile; fileRef = B0C5B0AF21244A8600368B5D /* RestaurantDetailInformationTableViewCell.swift */; };
		B08F843C2125503F005A3492 /* UIView+Subview.swift in Sources */ = {isa = PBXBuildFile; fileRef = B08F843621254C59005A3492 /* UIView+Subview.swift */; };
		B08F843D21255042005A3492 /* RestaurantDetailTableViewController.swift in Sources */ = {isa = PBXBuildFile; fileRef = B08F843821254CAF005A3492 /* RestaurantDetailTableViewController.swift */; };
		B08F843F212550F1005A3492 /* RestaurantDetailMapTableViewCell.swift in Sources */ = {isa = PBXBuildFile; fileRef = B08F843E212550F1005A3492 /* RestaurantDetailMapTableViewCell.swift */; };
		B0C5B0A1212449AC00368B5D /* AppDelegate.swift in Sources */ = {isa = PBXBuildFile; fileRef = B0C5B0A0212449AC00368B5D /* AppDelegate.swift */; };
		B0C5B0A5212449AC00368B5D /* Assets.xcassets in Resources */ = {isa = PBXBuildFile; fileRef = B0C5B0A4212449AC00368B5D /* Assets.xcassets */; };
		B0C5B0A8212449AC00368B5D /* LaunchScreen.storyboard in Resources */ = {isa = PBXBuildFile; fileRef = B0C5B0A6212449AC00368B5D /* LaunchScreen.storyboard */; };
/* End PBXBuildFile section */

/* Begin PBXCopyFilesBuildPhase section */
		B08F843221254B86005A3492 /* Embed Frameworks */ = {
			isa = PBXCopyFilesBuildPhase;
			buildActionMask = 2147483647;
			dstPath = "";
			dstSubfolderSpec = 10;
			files = (
			);
			name = "Embed Frameworks";
			runOnlyForDeploymentPostprocessing = 0;
		};
/* End PBXCopyFilesBuildPhase section */

/* Begin PBXFileReference section */
		B04FF0692125A8E0003A9A16 /* Restaurant.swift */ = {isa = PBXFileReference; lastKnownFileType = sourcecode.swift; path = Restaurant.swift; sourceTree = "<group>"; };
		B04FF06B2125A996003A9A16 /* Cuisine.swift */ = {isa = PBXFileReference; lastKnownFileType = sourcecode.swift; path = Cuisine.swift; sourceTree = "<group>"; };
		B04FF06D2125B27F003A9A16 /* RestaurantDetailHeaderTableViewCell.xib */ = {isa = PBXFileReference; lastKnownFileType = file.xib; path = RestaurantDetailHeaderTableViewCell.xib; sourceTree = "<group>"; };
		B08F843621254C59005A3492 /* UIView+Subview.swift */ = {isa = PBXFileReference; fileEncoding = 4; lastKnownFileType = sourcecode.swift; path = "UIView+Subview.swift"; sourceTree = "<group>"; };
		B08F843821254CAF005A3492 /* RestaurantDetailTableViewController.swift */ = {isa = PBXFileReference; lastKnownFileType = sourcecode.swift; path = RestaurantDetailTableViewController.swift; sourceTree = "<group>"; };
		B08F843E212550F1005A3492 /* RestaurantDetailMapTableViewCell.swift */ = {isa = PBXFileReference; lastKnownFileType = sourcecode.swift; path = RestaurantDetailMapTableViewCell.swift; sourceTree = "<group>"; };
		B0C5B09D212449AC00368B5D /* Demo.app */ = {isa = PBXFileReference; explicitFileType = wrapper.application; includeInIndex = 0; path = Demo.app; sourceTree = BUILT_PRODUCTS_DIR; };
		B0C5B0A0212449AC00368B5D /* AppDelegate.swift */ = {isa = PBXFileReference; lastKnownFileType = sourcecode.swift; path = AppDelegate.swift; sourceTree = "<group>"; };
		B0C5B0A4212449AC00368B5D /* Assets.xcassets */ = {isa = PBXFileReference; lastKnownFileType = folder.assetcatalog; path = Assets.xcassets; sourceTree = "<group>"; };
		B0C5B0A7212449AC00368B5D /* Base */ = {isa = PBXFileReference; lastKnownFileType = file.storyboard; name = Base; path = Base.lproj/LaunchScreen.storyboard; sourceTree = "<group>"; };
		B0C5B0A9212449AC00368B5D /* Info.plist */ = {isa = PBXFileReference; lastKnownFileType = text.plist.xml; path = Info.plist; sourceTree = "<group>"; };
		B0C5B0AF21244A8600368B5D /* RestaurantDetailInformationTableViewCell.swift */ = {isa = PBXFileReference; fileEncoding = 4; lastKnownFileType = sourcecode.swift; path = RestaurantDetailInformationTableViewCell.swift; sourceTree = "<group>"; };
		B0C5B0B021244A8600368B5D /* RestaurantDetailHeaderTableViewCell.swift */ = {isa = PBXFileReference; fileEncoding = 4; lastKnownFileType = sourcecode.swift; path = RestaurantDetailHeaderTableViewCell.swift; sourceTree = "<group>"; };
/* End PBXFileReference section */

/* Begin PBXFrameworksBuildPhase section */
		B0C5B09A212449AC00368B5D /* Frameworks */ = {
			isa = PBXFrameworksBuildPhase;
			buildActionMask = 2147483647;
			files = (
			);
			runOnlyForDeploymentPostprocessing = 0;
		};
/* End PBXFrameworksBuildPhase section */

/* Begin PBXGroup section */
		B0C5B094212449AC00368B5D = {
			isa = PBXGroup;
			children = (
				B0C5B09F212449AC00368B5D /* Demo */,
				B0C5B09E212449AC00368B5D /* Products */,
			);
			sourceTree = "<group>";
		};
		B0C5B09E212449AC00368B5D /* Products */ = {
			isa = PBXGroup;
			children = (
				B0C5B09D212449AC00368B5D /* Demo.app */,
			);
			name = Products;
			sourceTree = "<group>";
		};
		B0C5B09F212449AC00368B5D /* Demo */ = {
			isa = PBXGroup;
			children = (
				B0C5B0B021244A8600368B5D /* RestaurantDetailHeaderTableViewCell.swift */,
				B04FF06D2125B27F003A9A16 /* RestaurantDetailHeaderTableViewCell.xib */,
				B0C5B0AF21244A8600368B5D /* RestaurantDetailInformationTableViewCell.swift */,
				B08F843E212550F1005A3492 /* RestaurantDetailMapTableViewCell.swift */,
				B08F843821254CAF005A3492 /* RestaurantDetailTableViewController.swift */,
				B04FF0692125A8E0003A9A16 /* Restaurant.swift */,
				B04FF06B2125A996003A9A16 /* Cuisine.swift */,
				B08F843621254C59005A3492 /* UIView+Subview.swift */,
				B0C5B0A0212449AC00368B5D /* AppDelegate.swift */,
				B0C5B0A4212449AC00368B5D /* Assets.xcassets */,
				B0C5B0A6212449AC00368B5D /* LaunchScreen.storyboard */,
				B0C5B0A9212449AC00368B5D /* Info.plist */,
			);
			path = Demo;
			sourceTree = "<group>";
		};
/* End PBXGroup section */

/* Begin PBXNativeTarget section */
		B0C5B09C212449AC00368B5D /* Demo */ = {
			isa = PBXNativeTarget;
			buildConfigurationList = B0C5B0AC212449AC00368B5D /* Build configuration list for PBXNativeTarget "Demo" */;
			buildPhases = (
				B0C5B099212449AC00368B5D /* Sources */,
				B0C5B09A212449AC00368B5D /* Frameworks */,
				B0C5B09B212449AC00368B5D /* Resources */,
				B08F843221254B86005A3492 /* Embed Frameworks */,
			);
			buildRules = (
			);
			dependencies = (
			);
			name = Demo;
			productName = Demo;
			productReference = B0C5B09D212449AC00368B5D /* Demo.app */;
			productType = "com.apple.product-type.application";
		};
/* End PBXNativeTarget section */

/* Begin PBXProject section */
		B0C5B095212449AC00368B5D /* Project object */ = {
			isa = PBXProject;
			attributes = {
				LastSwiftUpdateCheck = 1000;
				LastUpgradeCheck = 1000;
				ORGANIZATIONNAME = TinyWorld;
				TargetAttributes = {
					B0C5B09C212449AC00368B5D = {
						CreatedOnToolsVersion = 10.0;
					};
				};
			};
			buildConfigurationList = B0C5B098212449AC00368B5D /* Build configuration list for PBXProject "Demo" */;
			compatibilityVersion = "Xcode 9.3";
			developmentRegion = en;
			hasScannedForEncodings = 0;
			knownRegions = (
				en,
				Base,
			);
			mainGroup = B0C5B094212449AC00368B5D;
			productRefGroup = B0C5B09E212449AC00368B5D /* Products */;
			projectDirPath = "";
			projectRoot = "";
			targets = (
				B0C5B09C212449AC00368B5D /* Demo */,
			);
		};
/* End PBXProject section */

/* Begin PBXResourcesBuildPhase section */
		B0C5B09B212449AC00368B5D /* Resources */ = {
			isa = PBXResourcesBuildPhase;
			buildActionMask = 2147483647;
			files = (
				B04FF06E2125B27F003A9A16 /* RestaurantDetailHeaderTableViewCell.xib in Resources */,
				B0C5B0A5212449AC00368B5D /* Assets.xcassets in Resources */,
				B0C5B0A8212449AC00368B5D /* LaunchScreen.storyboard in Resources */,
			);
			runOnlyForDeploymentPostprocessing = 0;
		};
/* End PBXResourcesBuildPhase section */

/* Begin PBXSourcesBuildPhase section */
		B0C5B099212449AC00368B5D /* Sources */ = {
			isa = PBXSourcesBuildPhase;
			buildActionMask = 2147483647;
			files = (
				B04FF06C2125A996003A9A16 /* Cuisine.swift in Sources */,
				B08F843C2125503F005A3492 /* UIView+Subview.swift in Sources */,
				B08F843A2125503F005A3492 /* RestaurantDetailHeaderTableViewCell.swift in Sources */,
				B08F843F212550F1005A3492 /* RestaurantDetailMapTableViewCell.swift in Sources */,
				B04FF06A2125A8E0003A9A16 /* Restaurant.swift in Sources */,
				B0C5B0A1212449AC00368B5D /* AppDelegate.swift in Sources */,
				B08F843D21255042005A3492 /* RestaurantDetailTableViewController.swift in Sources */,
				B08F843B2125503F005A3492 /* RestaurantDetailInformationTableViewCell.swift in Sources */,
			);
			runOnlyForDeploymentPostprocessing = 0;
		};
/* End PBXSourcesBuildPhase section */

/* Begin PBXVariantGroup section */
		B0C5B0A6212449AC00368B5D /* LaunchScreen.storyboard */ = {
			isa = PBXVariantGroup;
			children = (
				B0C5B0A7212449AC00368B5D /* Base */,
			);
			name = LaunchScreen.storyboard;
			sourceTree = "<group>";
		};
/* End PBXVariantGroup section */

/* Begin XCBuildConfiguration section */
		B0C5B0AA212449AC00368B5D /* Debug */ = {
			isa = XCBuildConfiguration;
			buildSettings = {
				ALWAYS_SEARCH_USER_PATHS = NO;
				CLANG_ANALYZER_NONNULL = YES;
				CLANG_ANALYZER_NUMBER_OBJECT_CONVERSION = YES_AGGRESSIVE;
				CLANG_CXX_LANGUAGE_STANDARD = "gnu++14";
				CLANG_CXX_LIBRARY = "libc++";
				CLANG_ENABLE_MODULES = YES;
				CLANG_ENABLE_OBJC_ARC = YES;
				CLANG_ENABLE_OBJC_WEAK = YES;
				CLANG_WARN_BLOCK_CAPTURE_AUTORELEASING = YES;
				CLANG_WARN_BOOL_CONVERSION = YES;
				CLANG_WARN_COMMA = YES;
				CLANG_WARN_CONSTANT_CONVERSION = YES;
				CLANG_WARN_DEPRECATED_OBJC_IMPLEMENTATIONS = YES;
				CLANG_WARN_DIRECT_OBJC_ISA_USAGE = YES_ERROR;
				CLANG_WARN_DOCUMENTATION_COMMENTS = YES;
				CLANG_WARN_EMPTY_BODY = YES;
				CLANG_WARN_ENUM_CONVERSION = YES;
				CLANG_WARN_INFINITE_RECURSION = YES;
				CLANG_WARN_INT_CONVERSION = YES;
				CLANG_WARN_NON_LITERAL_NULL_CONVERSION = YES;
				CLANG_WARN_OBJC_IMPLICIT_RETAIN_SELF = YES;
				CLANG_WARN_OBJC_LITERAL_CONVERSION = YES;
				CLANG_WARN_OBJC_ROOT_CLASS = YES_ERROR;
				CLANG_WARN_RANGE_LOOP_ANALYSIS = YES;
				CLANG_WARN_STRICT_PROTOTYPES = YES;
				CLANG_WARN_SUSPICIOUS_MOVE = YES;
				CLANG_WARN_UNGUARDED_AVAILABILITY = YES_AGGRESSIVE;
				CLANG_WARN_UNREACHABLE_CODE = YES;
				CLANG_WARN__DUPLICATE_METHOD_MATCH = YES;
				CODE_SIGN_IDENTITY = "iPhone Developer";
				COPY_PHASE_STRIP = NO;
				DEBUG_INFORMATION_FORMAT = dwarf;
				ENABLE_STRICT_OBJC_MSGSEND = YES;
				ENABLE_TESTABILITY = YES;
				GCC_C_LANGUAGE_STANDARD = gnu11;
				GCC_DYNAMIC_NO_PIC = NO;
				GCC_NO_COMMON_BLOCKS = YES;
				GCC_OPTIMIZATION_LEVEL = 0;
				GCC_PREPROCESSOR_DEFINITIONS = (
					"DEBUG=1",
					"$(inherited)",
				);
				GCC_WARN_64_TO_32_BIT_CONVERSION = YES;
				GCC_WARN_ABOUT_RETURN_TYPE = YES_ERROR;
				GCC_WARN_UNDECLARED_SELECTOR = YES;
				GCC_WARN_UNINITIALIZED_AUTOS = YES_AGGRESSIVE;
				GCC_WARN_UNUSED_FUNCTION = YES;
				GCC_WARN_UNUSED_VARIABLE = YES;
				IPHONEOS_DEPLOYMENT_TARGET = 12.0;
				MTL_ENABLE_DEBUG_INFO = INCLUDE_SOURCE;
				MTL_FAST_MATH = YES;
				ONLY_ACTIVE_ARCH = YES;
				SDKROOT = iphoneos;
				SWIFT_ACTIVE_COMPILATION_CONDITIONS = DEBUG;
				SWIFT_OPTIMIZATION_LEVEL = "-Onone";
			};
			name = Debug;
		};
		B0C5B0AB212449AC00368B5D /* Release */ = {
			isa = XCBuildConfiguration;
			buildSettings = {
				ALWAYS_SEARCH_USER_PATHS = NO;
				CLANG_ANALYZER_NONNULL = YES;
				CLANG_ANALYZER_NUMBER_OBJECT_CONVERSION = YES_AGGRESSIVE;
				CLANG_CXX_LANGUAGE_STANDARD = "gnu++14";
				CLANG_CXX_LIBRARY = "libc++";
				CLANG_ENABLE_MODULES = YES;
				CLANG_ENABLE_OBJC_ARC = YES;
				CLANG_ENABLE_OBJC_WEAK = YES;
				CLANG_WARN_BLOCK_CAPTURE_AUTORELEASING = YES;
				CLANG_WARN_BOOL_CONVERSION = YES;
				CLANG_WARN_COMMA = YES;
				CLANG_WARN_CONSTANT_CONVERSION = YES;
				CLANG_WARN_DEPRECATED_OBJC_IMPLEMENTATIONS = YES;
				CLANG_WARN_DIRECT_OBJC_ISA_USAGE = YES_ERROR;
				CLANG_WARN_DOCUMENTATION_COMMENTS = YES;
				CLANG_WARN_EMPTY_BODY = YES;
				CLANG_WARN_ENUM_CONVERSION = YES;
				CLANG_WARN_INFINITE_RECURSION = YES;
				CLANG_WARN_INT_CONVERSION = YES;
				CLANG_WARN_NON_LITERAL_NULL_CONVERSION = YES;
				CLANG_WARN_OBJC_IMPLICIT_RETAIN_SELF = YES;
				CLANG_WARN_OBJC_LITERAL_CONVERSION = YES;
				CLANG_WARN_OBJC_ROOT_CLASS = YES_ERROR;
				CLANG_WARN_RANGE_LOOP_ANALYSIS = YES;
				CLANG_WARN_STRICT_PROTOTYPES = YES;
				CLANG_WARN_SUSPICIOUS_MOVE = YES;
				CLANG_WARN_UNGUARDED_AVAILABILITY = YES_AGGRESSIVE;
				CLANG_WARN_UNREACHABLE_CODE = YES;
				CLANG_WARN__DUPLICATE_METHOD_MATCH = YES;
				CODE_SIGN_IDENTITY = "iPhone Developer";
				COPY_PHASE_STRIP = NO;
				DEBUG_INFORMATION_FORMAT = "dwarf-with-dsym";
				ENABLE_NS_ASSERTIONS = NO;
				ENABLE_STRICT_OBJC_MSGSEND = YES;
				GCC_C_LANGUAGE_STANDARD = gnu11;
				GCC_NO_COMMON_BLOCKS = YES;
				GCC_WARN_64_TO_32_BIT_CONVERSION = YES;
				GCC_WARN_ABOUT_RETURN_TYPE = YES_ERROR;
				GCC_WARN_UNDECLARED_SELECTOR = YES;
				GCC_WARN_UNINITIALIZED_AUTOS = YES_AGGRESSIVE;
				GCC_WARN_UNUSED_FUNCTION = YES;
				GCC_WARN_UNUSED_VARIABLE = YES;
				IPHONEOS_DEPLOYMENT_TARGET = 12.0;
				MTL_ENABLE_DEBUG_INFO = NO;
				MTL_FAST_MATH = YES;
				SDKROOT = iphoneos;
				SWIFT_COMPILATION_MODE = wholemodule;
				SWIFT_OPTIMIZATION_LEVEL = "-O";
				VALIDATE_PRODUCT = YES;
			};
			name = Release;
		};
		B0C5B0AD212449AC00368B5D /* Debug */ = {
			isa = XCBuildConfiguration;
			buildSettings = {
				ASSETCATALOG_COMPILER_APPICON_NAME = AppIcon;
				CODE_SIGN_STYLE = Automatic;
				DEVELOPMENT_TEAM = 5CE6946X84;
				INFOPLIST_FILE = Demo/Info.plist;
				LD_RUNPATH_SEARCH_PATHS = (
					"$(inherited)",
					"@executable_path/Frameworks",
				);
				PRODUCT_BUNDLE_IDENTIFIER = com.tinyworld.Demo;
				PRODUCT_NAME = "$(TARGET_NAME)";
				SWIFT_VERSION = 4.2;
				TARGETED_DEVICE_FAMILY = "1,2";
			};
			name = Debug;
		};
		B0C5B0AE212449AC00368B5D /* Release */ = {
			isa = XCBuildConfiguration;
			buildSettings = {
				ASSETCATALOG_COMPILER_APPICON_NAME = AppIcon;
				CODE_SIGN_STYLE = Automatic;
				DEVELOPMENT_TEAM = 5CE6946X84;
				INFOPLIST_FILE = Demo/Info.plist;
				LD_RUNPATH_SEARCH_PATHS = (
					"$(inherited)",
					"@executable_path/Frameworks",
				);
				PRODUCT_BUNDLE_IDENTIFIER = com.tinyworld.Demo;
				PRODUCT_NAME = "$(TARGET_NAME)";
				SWIFT_VERSION = 4.2;
				TARGETED_DEVICE_FAMILY = "1,2";
			};
			name = Release;
		};
/* End XCBuildConfiguration section */

/* Begin XCConfigurationList section */
		B0C5B098212449AC00368B5D /* Build configuration list for PBXProject "Demo" */ = {
			isa = XCConfigurationList;
			buildConfigurations = (
				B0C5B0AA212449AC00368B5D /* Debug */,
				B0C5B0AB212449AC00368B5D /* Release */,
			);
			defaultConfigurationIsVisible = 0;
			defaultConfigurationName = Release;
		};
		B0C5B0AC212449AC00368B5D /* Build configuration list for PBXNativeTarget "Demo" */ = {
			isa = XCConfigurationList;
			buildConfigurations = (
				B0C5B0AD212449AC00368B5D /* Debug */,
				B0C5B0AE212449AC00368B5D /* Release */,
			);
			defaultConfigurationIsVisible = 0;
			defaultConfigurationName = Release;
		};
/* End XCConfigurationList section */
	};
	rootObject = B0C5B095212449AC00368B5D /* Project object */;
}
